
Microsoft Visual Studio Solution File, Format Version 10.00
# Visual Studio 2008
Project("{8BC9CEB8-8B4A-11D0-8D11-00A0C91BC942}") = "yae_core", "yae_core\yae_core.vcproj", "{AB983738-94F1-4975-9ABC-6D4A3137E170}"
EndProject
Project("{8BC9CEB8-8B4A-11D0-8D11-00A0C91BC942}") = "yae_plugin_3dsmax", "yae_plugin_3dsmax\yae_plugin_3dsmax.vcproj", "{6D454517-99DB-453B-8949-DFF679AE7B91}"
	ProjectSection(ProjectDependencies) = postProject
		{AB983738-94F1-4975-9ABC-6D4A3137E170} = {AB983738-94F1-4975-9ABC-6D4A3137E170}
	EndProjectSection
EndProject
Project("{8BC9CEB8-8B4A-11D0-8D11-00A0C91BC942}") = "yae_plugin_maya", "yae_plugin_maya\yae_plugin_maya.vcproj", "{18755926-789E-4A1C-B753-5A42CA825FDB}"
	ProjectSection(ProjectDependencies) = postProject
		{AB983738-94F1-4975-9ABC-6D4A3137E170} = {AB983738-94F1-4975-9ABC-6D4A3137E170}
	EndProjectSection
EndProject
Global
	GlobalSection(SolutionConfigurationPlatforms) = preSolution
		3dsMax2008|Win32 = 3dsMax2008|Win32
		3dsMax2008|x64 = 3dsMax2008|x64
		3dsMax2009|Win32 = 3dsMax2009|Win32
		3dsMax2009|x64 = 3dsMax2009|x64
		3dsMax2010|Win32 = 3dsMax2010|Win32
		3dsMax2010|x64 = 3dsMax2010|x64
		3dsMax2011|Win32 = 3dsMax2011|Win32
		3dsMax2011|x64 = 3dsMax2011|x64
		3dsMax2012|Win32 = 3dsMax2012|Win32
		3dsMax2012|x64 = 3dsMax2012|x64
		3dsMax7|Win32 = 3dsMax7|Win32
		3dsMax7|x64 = 3dsMax7|x64
		3dsMax8|Win32 = 3dsMax8|Win32
		3dsMax8|x64 = 3dsMax8|x64
		3dsMax9|Win32 = 3dsMax9|Win32
		3dsMax9|x64 = 3dsMax9|x64
		Maya2008|Win32 = Maya2008|Win32
		Maya2008|x64 = Maya2008|x64
		Maya2009|Win32 = Maya2009|Win32
		Maya2009|x64 = Maya2009|x64
		Maya2010|Win32 = Maya2010|Win32
		Maya2010|x64 = Maya2010|x64
		Maya2011|Win32 = Maya2011|Win32
		Maya2011|x64 = Maya2011|x64
		Maya2012|Win32 = Maya2012|Win32
		Maya2012|x64 = Maya2012|x64
		Maya8.5|Win32 = Maya8.5|Win32
		Maya8.5|x64 = Maya8.5|x64
	EndGlobalSection
	GlobalSection(ProjectConfigurationPlatforms) = postSolution
		{AB983738-94F1-4975-9ABC-6D4A3137E170}.3dsMax2008|Win32.ActiveCfg = Release|Win32
		{AB983738-94F1-4975-9ABC-6D4A3137E170}.3dsMax2008|Win32.Build.0 = Release|Win32
		{AB983738-94F1-4975-9ABC-6D4A3137E170}.3dsMax2008|x64.ActiveCfg = Release|x64
		{AB983738-94F1-4975-9ABC-6D4A3137E170}.3dsMax2008|x64.Build.0 = Release|x64
		{AB983738-94F1-4975-9ABC-6D4A3137E170}.3dsMax2009|Win32.ActiveCfg = Release|Win32
		{AB983738-94F1-4975-9ABC-6D4A3137E170}.3dsMax2009|Win32.Build.0 = Release|Win32
		{AB983738-94F1-4975-9ABC-6D4A3137E170}.3dsMax2009|x64.ActiveCfg = Release|x64
		{AB983738-94F1-4975-9ABC-6D4A3137E170}.3dsMax2009|x64.Build.0 = Release|x64
		{AB983738-94F1-4975-9ABC-6D4A3137E170}.3dsMax2010|Win32.ActiveCfg = Release|Win32
		{AB983738-94F1-4975-9ABC-6D4A3137E170}.3dsMax2010|Win32.Build.0 = Release|Win32
		{AB983738-94F1-4975-9ABC-6D4A3137E170}.3dsMax2010|x64.ActiveCfg = Release|x64
		{AB983738-94F1-4975-9ABC-6D4A3137E170}.3dsMax2010|x64.Build.0 = Release|x64
		{AB983738-94F1-4975-9ABC-6D4A3137E170}.3dsMax2011|Win32.ActiveCfg = Release|Win32
		{AB983738-94F1-4975-9ABC-6D4A3137E170}.3dsMax2011|Win32.Build.0 = Release|Win32
		{AB983738-94F1-4975-9ABC-6D4A3137E170}.3dsMax2011|x64.ActiveCfg = Release|x64
		{AB983738-94F1-4975-9ABC-6D4A3137E170}.3dsMax2011|x64.Build.0 = Release|x64
		{AB983738-94F1-4975-9ABC-6D4A3137E170}.3dsMax2012|Win32.ActiveCfg = Release|Win32
		{AB983738-94F1-4975-9ABC-6D4A3137E170}.3dsMax2012|Win32.Build.0 = Release|Win32
		{AB983738-94F1-4975-9ABC-6D4A3137E170}.3dsMax2012|x64.ActiveCfg = Release|x64
		{AB983738-94F1-4975-9ABC-6D4A3137E170}.3dsMax2012|x64.Build.0 = Release|x64
		{AB983738-94F1-4975-9ABC-6D4A3137E170}.3dsMax7|Win32.ActiveCfg = Release|Win32
		{AB983738-94F1-4975-9ABC-6D4A3137E170}.3dsMax7|Win32.Build.0 = Release|Win32
		{AB983738-94F1-4975-9ABC-6D4A3137E170}.3dsMax7|x64.ActiveCfg = Release|x64
		{AB983738-94F1-4975-9ABC-6D4A3137E170}.3dsMax7|x64.Build.0 = Release|x64
		{AB983738-94F1-4975-9ABC-6D4A3137E170}.3dsMax8|Win32.ActiveCfg = Release|Win32
		{AB983738-94F1-4975-9ABC-6D4A3137E170}.3dsMax8|Win32.Build.0 = Release|Win32
		{AB983738-94F1-4975-9ABC-6D4A3137E170}.3dsMax8|x64.ActiveCfg = Release|x64
		{AB983738-94F1-4975-9ABC-6D4A3137E170}.3dsMax8|x64.Build.0 = Release|x64
		{AB983738-94F1-4975-9ABC-6D4A3137E170}.3dsMax9|Win32.ActiveCfg = Release|Win32
		{AB983738-94F1-4975-9ABC-6D4A3137E170}.3dsMax9|Win32.Build.0 = Release|Win32
		{AB983738-94F1-4975-9ABC-6D4A3137E170}.3dsMax9|x64.ActiveCfg = Release|x64
		{AB983738-94F1-4975-9ABC-6D4A3137E170}.3dsMax9|x64.Build.0 = Release|x64
		{AB983738-94F1-4975-9ABC-6D4A3137E170}.Maya2008|Win32.ActiveCfg = Release|Win32
		{AB983738-94F1-4975-9ABC-6D4A3137E170}.Maya2008|Win32.Build.0 = Release|Win32
		{AB983738-94F1-4975-9ABC-6D4A3137E170}.Maya2008|x64.ActiveCfg = Release|x64
		{AB983738-94F1-4975-9ABC-6D4A3137E170}.Maya2008|x64.Build.0 = Release|x64
		{AB983738-94F1-4975-9ABC-6D4A3137E170}.Maya2009|Win32.ActiveCfg = Release|Win32
		{AB983738-94F1-4975-9ABC-6D4A3137E170}.Maya2009|Win32.Build.0 = Release|Win32
		{AB983738-94F1-4975-9ABC-6D4A3137E170}.Maya2009|x64.ActiveCfg = Release|x64
		{AB983738-94F1-4975-9ABC-6D4A3137E170}.Maya2009|x64.Build.0 = Release|x64
		{AB983738-94F1-4975-9ABC-6D4A3137E170}.Maya2010|Win32.ActiveCfg = Release|Win32
		{AB983738-94F1-4975-9ABC-6D4A3137E170}.Maya2010|Win32.Build.0 = Release|Win32
		{AB983738-94F1-4975-9ABC-6D4A3137E170}.Maya2010|x64.ActiveCfg = Release|x64
		{AB983738-94F1-4975-9ABC-6D4A3137E170}.Maya2010|x64.Build.0 = Release|x64
		{AB983738-94F1-4975-9ABC-6D4A3137E170}.Maya2011|Win32.ActiveCfg = Release|Win32
		{AB983738-94F1-4975-9ABC-6D4A3137E170}.Maya2011|Win32.Build.0 = Release|Win32
		{AB983738-94F1-4975-9ABC-6D4A3137E170}.Maya2011|x64.ActiveCfg = Release|x64
		{AB983738-94F1-4975-9ABC-6D4A3137E170}.Maya2011|x64.Build.0 = Release|x64
		{AB983738-94F1-4975-9ABC-6D4A3137E170}.Maya2012|Win32.ActiveCfg = Release|Win32
		{AB983738-94F1-4975-9ABC-6D4A3137E170}.Maya2012|Win32.Build.0 = Release|Win32
		{AB983738-94F1-4975-9ABC-6D4A3137E170}.Maya2012|x64.ActiveCfg = Release|x64
		{AB983738-94F1-4975-9ABC-6D4A3137E170}.Maya2012|x64.Build.0 = Release|x64
		{AB983738-94F1-4975-9ABC-6D4A3137E170}.Maya8.5|Win32.ActiveCfg = Release|Win32
		{AB983738-94F1-4975-9ABC-6D4A3137E170}.Maya8.5|Win32.Build.0 = Release|Win32
		{AB983738-94F1-4975-9ABC-6D4A3137E170}.Maya8.5|x64.ActiveCfg = Release|x64
		{AB983738-94F1-4975-9ABC-6D4A3137E170}.Maya8.5|x64.Build.0 = Release|x64
		{6D454517-99DB-453B-8949-DFF679AE7B91}.3dsMax2008|Win32.ActiveCfg = 3dsMax2008|Win32
		{6D454517-99DB-453B-8949-DFF679AE7B91}.3dsMax2008|Win32.Build.0 = 3dsMax2008|Win32
		{6D454517-99DB-453B-8949-DFF679AE7B91}.3dsMax2008|x64.ActiveCfg = 3dsMax2008|x64
		{6D454517-99DB-453B-8949-DFF679AE7B91}.3dsMax2008|x64.Build.0 = 3dsMax2008|x64
		{6D454517-99DB-453B-8949-DFF679AE7B91}.3dsMax2009|Win32.ActiveCfg = 3dsMax2009|Win32
		{6D454517-99DB-453B-8949-DFF679AE7B91}.3dsMax2009|Win32.Build.0 = 3dsMax2009|Win32
		{6D454517-99DB-453B-8949-DFF679AE7B91}.3dsMax2009|x64.ActiveCfg = 3dsMax2009|x64
		{6D454517-99DB-453B-8949-DFF679AE7B91}.3dsMax2009|x64.Build.0 = 3dsMax2009|x64
		{6D454517-99DB-453B-8949-DFF679AE7B91}.3dsMax2010|Win32.ActiveCfg = 3dsMax2010|Win32
		{6D454517-99DB-453B-8949-DFF679AE7B91}.3dsMax2010|Win32.Build.0 = 3dsMax2010|Win32
		{6D454517-99DB-453B-8949-DFF679AE7B91}.3dsMax2010|x64.ActiveCfg = 3dsMax2010|x64
		{6D454517-99DB-453B-8949-DFF679AE7B91}.3dsMax2010|x64.Build.0 = 3dsMax2010|x64
		{6D454517-99DB-453B-8949-DFF679AE7B91}.3dsMax2011|Win32.ActiveCfg = 3dsMax2011|Win32
		{6D454517-99DB-453B-8949-DFF679AE7B91}.3dsMax2011|Win32.Build.0 = 3dsMax2011|Win32
		{6D454517-99DB-453B-8949-DFF679AE7B91}.3dsMax2011|x64.ActiveCfg = 3dsMax2011|x64
		{6D454517-99DB-453B-8949-DFF679AE7B91}.3dsMax2011|x64.Build.0 = 3dsMax2011|x64
		{6D454517-99DB-453B-8949-DFF679AE7B91}.3dsMax2012|Win32.ActiveCfg = 3dsMax2012|Win32
		{6D454517-99DB-453B-8949-DFF679AE7B91}.3dsMax2012|Win32.Build.0 = 3dsMax2012|Win32
		{6D454517-99DB-453B-8949-DFF679AE7B91}.3dsMax2012|x64.ActiveCfg = 3dsMax2012|x64
		{6D454517-99DB-453B-8949-DFF679AE7B91}.3dsMax2012|x64.Build.0 = 3dsMax2012|x64
		{6D454517-99DB-453B-8949-DFF679AE7B91}.3dsMax7|Win32.ActiveCfg = 3dsMax7|Win32
		{6D454517-99DB-453B-8949-DFF679AE7B91}.3dsMax7|Win32.Build.0 = 3dsMax7|Win32
		{6D454517-99DB-453B-8949-DFF679AE7B91}.3dsMax7|x64.ActiveCfg = 3dsMax7|x64
		{6D454517-99DB-453B-8949-DFF679AE7B91}.3dsMax7|x64.Build.0 = 3dsMax7|x64
		{6D454517-99DB-453B-8949-DFF679AE7B91}.3dsMax8|Win32.ActiveCfg = 3dsMax8|Win32
		{6D454517-99DB-453B-8949-DFF679AE7B91}.3dsMax8|Win32.Build.0 = 3dsMax8|Win32
		{6D454517-99DB-453B-8949-DFF679AE7B91}.3dsMax8|x64.ActiveCfg = 3dsMax8|x64
		{6D454517-99DB-453B-8949-DFF679AE7B91}.3dsMax8|x64.Build.0 = 3dsMax8|x64
		{6D454517-99DB-453B-8949-DFF679AE7B91}.3dsMax9|Win32.ActiveCfg = 3dsMax9|Win32
		{6D454517-99DB-453B-8949-DFF679AE7B91}.3dsMax9|Win32.Build.0 = 3dsMax9|Win32
		{6D454517-99DB-453B-8949-DFF679AE7B91}.3dsMax9|x64.ActiveCfg = 3dsMax9|x64
		{6D454517-99DB-453B-8949-DFF679AE7B91}.3dsMax9|x64.Build.0 = 3dsMax9|x64
		{6D454517-99DB-453B-8949-DFF679AE7B91}.Maya2008|Win32.ActiveCfg = 3dsMax7|Win32
		{6D454517-99DB-453B-8949-DFF679AE7B91}.Maya2008|Win32.Build.0 = 3dsMax7|Win32
		{6D454517-99DB-453B-8949-DFF679AE7B91}.Maya2008|x64.ActiveCfg = 3dsMax7|x64
		{6D454517-99DB-453B-8949-DFF679AE7B91}.Maya2008|x64.Build.0 = 3dsMax7|x64
		{6D454517-99DB-453B-8949-DFF679AE7B91}.Maya2009|Win32.ActiveCfg = 3dsMax7|Win32
		{6D454517-99DB-453B-8949-DFF679AE7B91}.Maya2009|Win32.Build.0 = 3dsMax7|Win32
		{6D454517-99DB-453B-8949-DFF679AE7B91}.Maya2009|x64.ActiveCfg = 3dsMax7|x64
		{6D454517-99DB-453B-8949-DFF679AE7B91}.Maya2009|x64.Build.0 = 3dsMax7|x64
		{6D454517-99DB-453B-8949-DFF679AE7B91}.Maya2010|Win32.ActiveCfg = 3dsMax7|Win32
		{6D454517-99DB-453B-8949-DFF679AE7B91}.Maya2010|Win32.Build.0 = 3dsMax7|Win32
		{6D454517-99DB-453B-8949-DFF679AE7B91}.Maya2010|x64.ActiveCfg = 3dsMax7|x64
		{6D454517-99DB-453B-8949-DFF679AE7B91}.Maya2010|x64.Build.0 = 3dsMax7|x64
		{6D454517-99DB-453B-8949-DFF679AE7B91}.Maya2011|Win32.ActiveCfg = 3dsMax7|Win32
		{6D454517-99DB-453B-8949-DFF679AE7B91}.Maya2011|Win32.Build.0 = 3dsMax7|Win32
		{6D454517-99DB-453B-8949-DFF679AE7B91}.Maya2011|x64.ActiveCfg = 3dsMax7|x64
		{6D454517-99DB-453B-8949-DFF679AE7B91}.Maya2011|x64.Build.0 = 3dsMax7|x64
		{6D454517-99DB-453B-8949-DFF679AE7B91}.Maya2012|Win32.ActiveCfg = 3dsMax7|Win32
		{6D454517-99DB-453B-8949-DFF679AE7B91}.Maya2012|Win32.Build.0 = 3dsMax7|Win32
		{6D454517-99DB-453B-8949-DFF679AE7B91}.Maya2012|x64.ActiveCfg = 3dsMax7|x64
		{6D454517-99DB-453B-8949-DFF679AE7B91}.Maya2012|x64.Build.0 = 3dsMax7|x64
		{6D454517-99DB-453B-8949-DFF679AE7B91}.Maya8.5|Win32.ActiveCfg = 3dsMax7|Win32
		{6D454517-99DB-453B-8949-DFF679AE7B91}.Maya8.5|Win32.Build.0 = 3dsMax7|Win32
		{6D454517-99DB-453B-8949-DFF679AE7B91}.Maya8.5|x64.ActiveCfg = 3dsMax7|x64
		{6D454517-99DB-453B-8949-DFF679AE7B91}.Maya8.5|x64.Build.0 = 3dsMax7|x64
		{18755926-789E-4A1C-B753-5A42CA825FDB}.3dsMax2008|Win32.ActiveCfg = Maya8.5|Win32
		{18755926-789E-4A1C-B753-5A42CA825FDB}.3dsMax2008|Win32.Build.0 = Maya8.5|Win32
		{18755926-789E-4A1C-B753-5A42CA825FDB}.3dsMax2008|x64.ActiveCfg = Maya8.5|x64
		{18755926-789E-4A1C-B753-5A42CA825FDB}.3dsMax2008|x64.Build.0 = Maya8.5|x64
		{18755926-789E-4A1C-B753-5A42CA825FDB}.3dsMax2009|Win32.ActiveCfg = Maya8.5|Win32
		{18755926-789E-4A1C-B753-5A42CA825FDB}.3dsMax2009|Win32.Build.0 = Maya8.5|Win32
		{18755926-789E-4A1C-B753-5A42CA825FDB}.3dsMax2009|x64.ActiveCfg = Maya8.5|x64
		{18755926-789E-4A1C-B753-5A42CA825FDB}.3dsMax2009|x64.Build.0 = Maya8.5|x64
		{18755926-789E-4A1C-B753-5A42CA825FDB}.3dsMax2010|Win32.ActiveCfg = Maya8.5|Win32
		{18755926-789E-4A1C-B753-5A42CA825FDB}.3dsMax2010|Win32.Build.0 = Maya8.5|Win32
		{18755926-789E-4A1C-B753-5A42CA825FDB}.3dsMax2010|x64.ActiveCfg = Maya8.5|x64
		{18755926-789E-4A1C-B753-5A42CA825FDB}.3dsMax2010|x64.Build.0 = Maya8.5|x64
		{18755926-789E-4A1C-B753-5A42CA825FDB}.3dsMax2011|Win32.ActiveCfg = Maya8.5|Win32
		{18755926-789E-4A1C-B753-5A42CA825FDB}.3dsMax2011|Win32.Build.0 = Maya8.5|Win32
		{18755926-789E-4A1C-B753-5A42CA825FDB}.3dsMax2011|x64.ActiveCfg = Maya8.5|x64
		{18755926-789E-4A1C-B753-5A42CA825FDB}.3dsMax2011|x64.Build.0 = Maya8.5|x64
		{18755926-789E-4A1C-B753-5A42CA825FDB}.3dsMax2012|Win32.ActiveCfg = Maya8.5|Win32
		{18755926-789E-4A1C-B753-5A42CA825FDB}.3dsMax2012|Win32.Build.0 = Maya8.5|Win32
		{18755926-789E-4A1C-B753-5A42CA825FDB}.3dsMax2012|x64.ActiveCfg = Maya8.5|x64
		{18755926-789E-4A1C-B753-5A42CA825FDB}.3dsMax2012|x64.Build.0 = Maya8.5|x64
		{18755926-789E-4A1C-B753-5A42CA825FDB}.3dsMax7|Win32.ActiveCfg = Maya8.5|Win32
		{18755926-789E-4A1C-B753-5A42CA825FDB}.3dsMax7|Win32.Build.0 = Maya8.5|Win32
		{18755926-789E-4A1C-B753-5A42CA825FDB}.3dsMax7|x64.ActiveCfg = Maya8.5|x64
		{18755926-789E-4A1C-B753-5A42CA825FDB}.3dsMax7|x64.Build.0 = Maya8.5|x64
		{18755926-789E-4A1C-B753-5A42CA825FDB}.3dsMax8|Win32.ActiveCfg = Maya8.5|Win32
		{18755926-789E-4A1C-B753-5A42CA825FDB}.3dsMax8|Win32.Build.0 = Maya8.5|Win32
		{18755926-789E-4A1C-B753-5A42CA825FDB}.3dsMax8|x64.ActiveCfg = Maya8.5|x64
		{18755926-789E-4A1C-B753-5A42CA825FDB}.3dsMax8|x64.Build.0 = Maya8.5|x64
		{18755926-789E-4A1C-B753-5A42CA825FDB}.3dsMax9|Win32.ActiveCfg = Maya8.5|Win32
		{18755926-789E-4A1C-B753-5A42CA825FDB}.3dsMax9|Win32.Build.0 = Maya8.5|Win32
		{18755926-789E-4A1C-B753-5A42CA825FDB}.3dsMax9|x64.ActiveCfg = Maya8.5|x64
		{18755926-789E-4A1C-B753-5A42CA825FDB}.3dsMax9|x64.Build.0 = Maya8.5|x64
		{18755926-789E-4A1C-B753-5A42CA825FDB}.Maya2008|Win32.ActiveCfg = Maya2008|Win32
		{18755926-789E-4A1C-B753-5A42CA825FDB}.Maya2008|Win32.Build.0 = Maya2008|Win32
		{18755926-789E-4A1C-B753-5A42CA825FDB}.Maya2008|x64.ActiveCfg = Maya2008|x64
		{18755926-789E-4A1C-B753-5A42CA825FDB}.Maya2008|x64.Build.0 = Maya2008|x64
		{18755926-789E-4A1C-B753-5A42CA825FDB}.Maya2009|Win32.ActiveCfg = Maya2009|Win32
		{18755926-789E-4A1C-B753-5A42CA825FDB}.Maya2009|Win32.Build.0 = Maya2009|Win32
		{18755926-789E-4A1C-B753-5A42CA825FDB}.Maya2009|x64.ActiveCfg = Maya2009|x64
		{18755926-789E-4A1C-B753-5A42CA825FDB}.Maya2009|x64.Build.0 = Maya2009|x64
		{18755926-789E-4A1C-B753-5A42CA825FDB}.Maya2010|Win32.ActiveCfg = Maya2010|Win32
		{18755926-789E-4A1C-B753-5A42CA825FDB}.Maya2010|Win32.Build.0 = Maya2010|Win32
		{18755926-789E-4A1C-B753-5A42CA825FDB}.Maya2010|x64.ActiveCfg = Maya2010|x64
		{18755926-789E-4A1C-B753-5A42CA825FDB}.Maya2010|x64.Build.0 = Maya2010|x64
		{18755926-789E-4A1C-B753-5A42CA825FDB}.Maya2011|Win32.ActiveCfg = Maya2011|Win32
		{18755926-789E-4A1C-B753-5A42CA825FDB}.Maya2011|Win32.Build.0 = Maya2011|Win32
		{18755926-789E-4A1C-B753-5A42CA825FDB}.Maya2011|x64.ActiveCfg = Maya2011|x64
		{18755926-789E-4A1C-B753-5A42CA825FDB}.Maya2011|x64.Build.0 = Maya2011|x64
		{18755926-789E-4A1C-B753-5A42CA825FDB}.Maya2012|Win32.ActiveCfg = Maya2012|Win32
		{18755926-789E-4A1C-B753-5A42CA825FDB}.Maya2012|Win32.Build.0 = Maya2012|Win32
		{18755926-789E-4A1C-B753-5A42CA825FDB}.Maya2012|x64.ActiveCfg = Maya2012|x64
		{18755926-789E-4A1C-B753-5A42CA825FDB}.Maya2012|x64.Build.0 = Maya2012|x64
		{18755926-789E-4A1C-B753-5A42CA825FDB}.Maya8.5|Win32.ActiveCfg = Maya8.5|Win32
		{18755926-789E-4A1C-B753-5A42CA825FDB}.Maya8.5|Win32.Build.0 = Maya8.5|Win32
		{18755926-789E-4A1C-B753-5A42CA825FDB}.Maya8.5|x64.ActiveCfg = Maya8.5|x64
		{18755926-789E-4A1C-B753-5A42CA825FDB}.Maya8.5|x64.Build.0 = Maya8.5|x64
	EndGlobalSection
	GlobalSection(SolutionProperties) = preSolution
		HideSolutionNode = FALSE
	EndGlobalSection
EndGlobal
